// !$*UTF8*$!
{
	archiveVersion = 1;
	classes = {
	};
	objectVersion = 56;
	objects = {

/* Begin PBXBuildFile section */
		934DEFB029FB3886007C433F /* FrostyScoopv2App.swift in Sources */ = {isa = PBXBuildFile; fileRef = 934DEFAF29FB3886007C433F /* FrostyScoopv2App.swift */; };
		934DEFB229FB3886007C433F /* MainView.swift in Sources */ = {isa = PBXBuildFile; fileRef = 934DEFB129FB3886007C433F /* MainView.swift */; };
		934DEFB429FB3887007C433F /* Assets.xcassets in Resources */ = {isa = PBXBuildFile; fileRef = 934DEFB329FB3887007C433F /* Assets.xcassets */; };
		934DEFB729FB3887007C433F /* Preview Assets.xcassets in Resources */ = {isa = PBXBuildFile; fileRef = 934DEFB629FB3887007C433F /* Preview Assets.xcassets */; };
		934DEFBF29FB3A0A007C433F /* icecream-data.json in Resources */ = {isa = PBXBuildFile; fileRef = 934DEFBE29FB3A0A007C433F /* icecream-data.json */; };
		934DEFC229FB3A7F007C433F /* IceCreamModel.swift in Sources */ = {isa = PBXBuildFile; fileRef = 934DEFC129FB3A7F007C433F /* IceCreamModel.swift */; };
		934DEFC529FB3CA8007C433F /* IceCreamViewModel.swift in Sources */ = {isa = PBXBuildFile; fileRef = 934DEFC429FB3CA8007C433F /* IceCreamViewModel.swift */; };
		934DEFC729FB7C74007C433F /* TabViews.swift in Sources */ = {isa = PBXBuildFile; fileRef = 934DEFC629FB7C74007C433F /* TabViews.swift */; };
		934DEFC929FB885C007C433F /* UserCartView.swift in Sources */ = {isa = PBXBuildFile; fileRef = 934DEFC829FB885C007C433F /* UserCartView.swift */; };
		934DEFCB29FB8979007C433F /* CartItemModel.swift in Sources */ = {isa = PBXBuildFile; fileRef = 934DEFCA29FB8979007C433F /* CartItemModel.swift */; };
		934DEFCD29FB8C82007C433F /* CartItemViewModel.swift in Sources */ = {isa = PBXBuildFile; fileRef = 934DEFCC29FB8C82007C433F /* CartItemViewModel.swift */; };
/* End PBXBuildFile section */

/* Begin PBXFileReference section */
		934DEFAC29FB3886007C433F /* FrostyScoopv2.app */ = {isa = PBXFileReference; explicitFileType = wrapper.application; includeInIndex = 0; path = FrostyScoopv2.app; sourceTree = BUILT_PRODUCTS_DIR; };
		934DEFAF29FB3886007C433F /* FrostyScoopv2App.swift */ = {isa = PBXFileReference; lastKnownFileType = sourcecode.swift; path = FrostyScoopv2App.swift; sourceTree = "<group>"; };
		934DEFB129FB3886007C433F /* MainView.swift */ = {isa = PBXFileReference; lastKnownFileType = sourcecode.swift; path = MainView.swift; sourceTree = "<group>"; };
		934DEFB329FB3887007C433F /* Assets.xcassets */ = {isa = PBXFileReference; lastKnownFileType = folder.assetcatalog; path = Assets.xcassets; sourceTree = "<group>"; };
		934DEFB629FB3887007C433F /* Preview Assets.xcassets */ = {isa = PBXFileReference; lastKnownFileType = folder.assetcatalog; path = "Preview Assets.xcassets"; sourceTree = "<group>"; };
		934DEFBE29FB3A0A007C433F /* icecream-data.json */ = {isa = PBXFileReference; lastKnownFileType = text.json; path = "icecream-data.json"; sourceTree = "<group>"; };
		934DEFC129FB3A7F007C433F /* IceCreamModel.swift */ = {isa = PBXFileReference; lastKnownFileType = sourcecode.swift; path = IceCreamModel.swift; sourceTree = "<group>"; };
		934DEFC429FB3CA8007C433F /* IceCreamViewModel.swift */ = {isa = PBXFileReference; lastKnownFileType = sourcecode.swift; path = IceCreamViewModel.swift; sourceTree = "<group>"; };
		934DEFC629FB7C74007C433F /* TabViews.swift */ = {isa = PBXFileReference; lastKnownFileType = sourcecode.swift; path = TabViews.swift; sourceTree = "<group>"; };
		934DEFC829FB885C007C433F /* UserCartView.swift */ = {isa = PBXFileReference; lastKnownFileType = sourcecode.swift; path = UserCartView.swift; sourceTree = "<group>"; };
		934DEFCA29FB8979007C433F /* CartItemModel.swift */ = {isa = PBXFileReference; lastKnownFileType = sourcecode.swift; path = CartItemModel.swift; sourceTree = "<group>"; };
		934DEFCC29FB8C82007C433F /* CartItemViewModel.swift */ = {isa = PBXFileReference; lastKnownFileType = sourcecode.swift; path = CartItemViewModel.swift; sourceTree = "<group>"; };
/* End PBXFileReference section */

/* Begin PBXFrameworksBuildPhase section */
		934DEFA929FB3886007C433F /* Frameworks */ = {
			isa = PBXFrameworksBuildPhase;
			buildActionMask = 2147483647;
			files = (
			);
			runOnlyForDeploymentPostprocessing = 0;
		};
/* End PBXFrameworksBuildPhase section */

/* Begin PBXGroup section */
		934DEFA329FB3886007C433F = {
			isa = PBXGroup;
			children = (
				934DEFAE29FB3886007C433F /* FrostyScoopv2 */,
				934DEFAD29FB3886007C433F /* Products */,
			);
			sourceTree = "<group>";
		};
		934DEFAD29FB3886007C433F /* Products */ = {
			isa = PBXGroup;
			children = (
				934DEFAC29FB3886007C433F /* FrostyScoopv2.app */,
			);
			name = Products;
			sourceTree = "<group>";
		};
		934DEFAE29FB3886007C433F /* FrostyScoopv2 */ = {
			isa = PBXGroup;
			children = (
				934DEFAF29FB3886007C433F /* FrostyScoopv2App.swift */,
				934DEFC629FB7C74007C433F /* TabViews.swift */,
				934DEFB129FB3886007C433F /* MainView.swift */,
				934DEFC829FB885C007C433F /* UserCartView.swift */,
				934DEFC329FB3C6E007C433F /* ViewModel */,
				934DEFC029FB3A67007C433F /* Model */,
				934DEFBD29FB39C7007C433F /* json resource data */,
				934DEFB329FB3887007C433F /* Assets.xcassets */,
				934DEFB529FB3887007C433F /* Preview Content */,
			);
			path = FrostyScoopv2;
			sourceTree = "<group>";
		};
		934DEFB529FB3887007C433F /* Preview Content */ = {
			isa = PBXGroup;
			children = (
				934DEFB629FB3887007C433F /* Preview Assets.xcassets */,
			);
			path = "Preview Content";
			sourceTree = "<group>";
		};
		934DEFBD29FB39C7007C433F /* json resource data */ = {
			isa = PBXGroup;
			children = (
				934DEFBE29FB3A0A007C433F /* icecream-data.json */,
			);
			path = "json resource data";
			sourceTree = "<group>";
		};
		934DEFC029FB3A67007C433F /* Model */ = {
			isa = PBXGroup;
			children = (
				934DEFC129FB3A7F007C433F /* IceCreamModel.swift */,
				934DEFCA29FB8979007C433F /* CartItemModel.swift */,
			);
			path = Model;
			sourceTree = "<group>";
		};
		934DEFC329FB3C6E007C433F /* ViewModel */ = {
			isa = PBXGroup;
			children = (
				934DEFC429FB3CA8007C433F /* IceCreamViewModel.swift */,
				934DEFCC29FB8C82007C433F /* CartItemViewModel.swift */,
			);
			path = ViewModel;
			sourceTree = "<group>";
		};
/* End PBXGroup section */

/* Begin PBXNativeTarget section */
		934DEFAB29FB3886007C433F /* FrostyScoopv2 */ = {
			isa = PBXNativeTarget;
			buildConfigurationList = 934DEFBA29FB3887007C433F /* Build configuration list for PBXNativeTarget "FrostyScoopv2" */;
			buildPhases = (
				934DEFA829FB3886007C433F /* Sources */,
				934DEFA929FB3886007C433F /* Frameworks */,
				934DEFAA29FB3886007C433F /* Resources */,
			);
			buildRules = (
			);
			dependencies = (
			);
			name = FrostyScoopv2;
			productName = FrostyScoopv2;
			productReference = 934DEFAC29FB3886007C433F /* FrostyScoopv2.app */;
			productType = "com.apple.product-type.application";
		};
/* End PBXNativeTarget section */

/* Begin PBXProject section */
		934DEFA429FB3886007C433F /* Project object */ = {
			isa = PBXProject;
			attributes = {
				BuildIndependentTargetsInParallel = 1;
				LastSwiftUpdateCheck = 1430;
				LastUpgradeCheck = 1430;
				TargetAttributes = {
					934DEFAB29FB3886007C433F = {
						CreatedOnToolsVersion = 14.3;
					};
				};
			};
			buildConfigurationList = 934DEFA729FB3886007C433F /* Build configuration list for PBXProject "FrostyScoopv2" */;
			compatibilityVersion = "Xcode 14.0";
			developmentRegion = en;
			hasScannedForEncodings = 0;
			knownRegions = (
				en,
				Base,
			);
			mainGroup = 934DEFA329FB3886007C433F;
			productRefGroup = 934DEFAD29FB3886007C433F /* Products */;
			projectDirPath = "";
			projectRoot = "";
			targets = (
				934DEFAB29FB3886007C433F /* FrostyScoopv2 */,
			);
		};
/* End PBXProject section */

/* Begin PBXResourcesBuildPhase section */
		934DEFAA29FB3886007C433F /* Resources */ = {
			isa = PBXResourcesBuildPhase;
			buildActionMask = 2147483647;
			files = (
				934DEFB729FB3887007C433F /* Preview Assets.xcassets in Resources */,
				934DEFB429FB3887007C433F /* Assets.xcassets in Resources */,
				934DEFBF29FB3A0A007C433F /* icecream-data.json in Resources */,
			);
			runOnlyForDeploymentPostprocessing = 0;
		};
/* End PBXResourcesBuildPhase section */

/* Begin PBXSourcesBuildPhase section */
		934DEFA829FB3886007C433F /* Sources */ = {
			isa = PBXSourcesBuildPhase;
			buildActionMask = 2147483647;
			files = (
				934DEFC229FB3A7F007C433F /* IceCreamModel.swift in Sources */,
				934DEFC729FB7C74007C433F /* TabViews.swift in Sources */,
				934DEFB229FB3886007C433F /* MainView.swift in Sources */,
				934DEFC929FB885C007C433F /* UserCartView.swift in Sources */,
				934DEFCB29FB8979007C433F /* CartItemModel.swift in Sources */,
				934DEFB029FB3886007C433F /* FrostyScoopv2App.swift in Sources */,
				934DEFC529FB3CA8007C433F /* IceCreamViewModel.swift in Sources */,
				934DEFCD29FB8C82007C433F /* CartItemViewModel.swift in Sources */,
			);
			runOnlyForDeploymentPostprocessing = 0;
		};
/* End PBXSourcesBuildPhase section */

/* Begin XCBuildConfiguration section */
		934DEFB829FB3887007C433F /* Debug */ = {
			isa = XCBuildConfiguration;
			buildSettings = {
				ALWAYS_SEARCH_USER_PATHS = NO;
				CLANG_ANALYZER_NONNULL = YES;
				CLANG_ANALYZER_NUMBER_OBJECT_CONVERSION = YES_AGGRESSIVE;
				CLANG_CXX_LANGUAGE_STANDARD = "gnu++20";
				CLANG_ENABLE_MODULES = YES;
				CLANG_ENABLE_OBJC_ARC = YES;
				CLANG_ENABLE_OBJC_WEAK = YES;
				CLANG_WARN_BLOCK_CAPTURE_AUTORELEASING = YES;
				CLANG_WARN_BOOL_CONVERSION = YES;
				CLANG_WARN_COMMA = YES;
				CLANG_WARN_CONSTANT_CONVERSION = YES;
				CLANG_WARN_DEPRECATED_OBJC_IMPLEMENTATIONS = YES;
				CLANG_WARN_DIRECT_OBJC_ISA_USAGE = YES_ERROR;
				CLANG_WARN_DOCUMENTATION_COMMENTS = YES;
				CLANG_WARN_EMPTY_BODY = YES;
				CLANG_WARN_ENUM_CONVERSION = YES;
				CLANG_WARN_INFINITE_RECURSION = YES;
				CLANG_WARN_INT_CONVERSION = YES;
				CLANG_WARN_NON_LITERAL_NULL_CONVERSION = YES;
				CLANG_WARN_OBJC_IMPLICIT_RETAIN_SELF = YES;
				CLANG_WARN_OBJC_LITERAL_CONVERSION = YES;
				CLANG_WARN_OBJC_ROOT_CLASS = YES_ERROR;
				CLANG_WARN_QUOTED_INCLUDE_IN_FRAMEWORK_HEADER = YES;
				CLANG_WARN_RANGE_LOOP_ANALYSIS = YES;
				CLANG_WARN_STRICT_PROTOTYPES = YES;
				CLANG_WARN_SUSPICIOUS_MOVE = YES;
				CLANG_WARN_UNGUARDED_AVAILABILITY = YES_AGGRESSIVE;
				CLANG_WARN_UNREACHABLE_CODE = YES;
				CLANG_WARN__DUPLICATE_METHOD_MATCH = YES;
				COPY_PHASE_STRIP = NO;
				DEBUG_INFORMATION_FORMAT = dwarf;
				ENABLE_STRICT_OBJC_MSGSEND = YES;
				ENABLE_TESTABILITY = YES;
				GCC_C_LANGUAGE_STANDARD = gnu11;
				GCC_DYNAMIC_NO_PIC = NO;
				GCC_NO_COMMON_BLOCKS = YES;
				GCC_OPTIMIZATION_LEVEL = 0;
				GCC_PREPROCESSOR_DEFINITIONS = (
					"DEBUG=1",
					"$(inherited)",
				);
				GCC_WARN_64_TO_32_BIT_CONVERSION = YES;
				GCC_WARN_ABOUT_RETURN_TYPE = YES_ERROR;
				GCC_WARN_UNDECLARED_SELECTOR = YES;
				GCC_WARN_UNINITIALIZED_AUTOS = YES_AGGRESSIVE;
				GCC_WARN_UNUSED_FUNCTION = YES;
				GCC_WARN_UNUSED_VARIABLE = YES;
				IPHONEOS_DEPLOYMENT_TARGET = 16.4;
				MTL_ENABLE_DEBUG_INFO = INCLUDE_SOURCE;
				MTL_FAST_MATH = YES;
				ONLY_ACTIVE_ARCH = YES;
				SDKROOT = iphoneos;
				SWIFT_ACTIVE_COMPILATION_CONDITIONS = DEBUG;
				SWIFT_OPTIMIZATION_LEVEL = "-Onone";
			};
			name = Debug;
		};
		934DEFB929FB3887007C433F /* Release */ = {
			isa = XCBuildConfiguration;
			buildSettings = {
				ALWAYS_SEARCH_USER_PATHS = NO;
				CLANG_ANALYZER_NONNULL = YES;
				CLANG_ANALYZER_NUMBER_OBJECT_CONVERSION = YES_AGGRESSIVE;
				CLANG_CXX_LANGUAGE_STANDARD = "gnu++20";
				CLANG_ENABLE_MODULES = YES;
				CLANG_ENABLE_OBJC_ARC = YES;
				CLANG_ENABLE_OBJC_WEAK = YES;
				CLANG_WARN_BLOCK_CAPTURE_AUTORELEASING = YES;
				CLANG_WARN_BOOL_CONVERSION = YES;
				CLANG_WARN_COMMA = YES;
				CLANG_WARN_CONSTANT_CONVERSION = YES;
				CLANG_WARN_DEPRECATED_OBJC_IMPLEMENTATIONS = YES;
				CLANG_WARN_DIRECT_OBJC_ISA_USAGE = YES_ERROR;
				CLANG_WARN_DOCUMENTATION_COMMENTS = YES;
				CLANG_WARN_EMPTY_BODY = YES;
				CLANG_WARN_ENUM_CONVERSION = YES;
				CLANG_WARN_INFINITE_RECURSION = YES;
				CLANG_WARN_INT_CONVERSION = YES;
				CLANG_WARN_NON_LITERAL_NULL_CONVERSION = YES;
				CLANG_WARN_OBJC_IMPLICIT_RETAIN_SELF = YES;
				CLANG_WARN_OBJC_LITERAL_CONVERSION = YES;
				CLANG_WARN_OBJC_ROOT_CLASS = YES_ERROR;
				CLANG_WARN_QUOTED_INCLUDE_IN_FRAMEWORK_HEADER = YES;
				CLANG_WARN_RANGE_LOOP_ANALYSIS = YES;
				CLANG_WARN_STRICT_PROTOTYPES = YES;
				CLANG_WARN_SUSPICIOUS_MOVE = YES;
				CLANG_WARN_UNGUARDED_AVAILABILITY = YES_AGGRESSIVE;
				CLANG_WARN_UNREACHABLE_CODE = YES;
				CLANG_WARN__DUPLICATE_METHOD_MATCH = YES;
				COPY_PHASE_STRIP = NO;
				DEBUG_INFORMATION_FORMAT = "dwarf-with-dsym";
				ENABLE_NS_ASSERTIONS = NO;
				ENABLE_STRICT_OBJC_MSGSEND = YES;
				GCC_C_LANGUAGE_STANDARD = gnu11;
				GCC_NO_COMMON_BLOCKS = YES;
				GCC_WARN_64_TO_32_BIT_CONVERSION = YES;
				GCC_WARN_ABOUT_RETURN_TYPE = YES_ERROR;
				GCC_WARN_UNDECLARED_SELECTOR = YES;
				GCC_WARN_UNINITIALIZED_AUTOS = YES_AGGRESSIVE;
				GCC_WARN_UNUSED_FUNCTION = YES;
				GCC_WARN_UNUSED_VARIABLE = YES;
				IPHONEOS_DEPLOYMENT_TARGET = 16.4;
				MTL_ENABLE_DEBUG_INFO = NO;
				MTL_FAST_MATH = YES;
				SDKROOT = iphoneos;
				SWIFT_COMPILATION_MODE = wholemodule;
				SWIFT_OPTIMIZATION_LEVEL = "-O";
				VALIDATE_PRODUCT = YES;
			};
			name = Release;
		};
		934DEFBB29FB3887007C433F /* Debug */ = {
			isa = XCBuildConfiguration;
			buildSettings = {
				ASSETCATALOG_COMPILER_APPICON_NAME = AppIcon;
				ASSETCATALOG_COMPILER_GLOBAL_ACCENT_COLOR_NAME = AccentColor;
				CODE_SIGN_STYLE = Automatic;
				CURRENT_PROJECT_VERSION = 1;
				DEVELOPMENT_ASSET_PATHS = "\"FrostyScoopv2/Preview Content\"";
				DEVELOPMENT_TEAM = ZA8ASJR32G;
				ENABLE_PREVIEWS = YES;
				GENERATE_INFOPLIST_FILE = YES;
				INFOPLIST_KEY_UIApplicationSceneManifest_Generation = YES;
				INFOPLIST_KEY_UIApplicationSupportsIndirectInputEvents = YES;
				INFOPLIST_KEY_UILaunchScreen_Generation = YES;
				INFOPLIST_KEY_UISupportedInterfaceOrientations_iPad = "UIInterfaceOrientationPortrait UIInterfaceOrientationPortraitUpsideDown UIInterfaceOrientationLandscapeLeft UIInterfaceOrientationLandscapeRight";
				INFOPLIST_KEY_UISupportedInterfaceOrientations_iPhone = "UIInterfaceOrientationPortrait UIInterfaceOrientationLandscapeLeft UIInterfaceOrientationLandscapeRight";
				LD_RUNPATH_SEARCH_PATHS = (
					"$(inherited)",
					"@executable_path/Frameworks",
				);
				MARKETING_VERSION = 1.0;
				PRODUCT_BUNDLE_IDENTIFIER = davu.FrostyScoopv2;
				PRODUCT_NAME = "$(TARGET_NAME)";
				SWIFT_EMIT_LOC_STRINGS = YES;
				SWIFT_VERSION = 5.0;
				TARGETED_DEVICE_FAMILY = "1,2";
			};
			name = Debug;
		};
		934DEFBC29FB3887007C433F /* Release */ = {
			isa = XCBuildConfiguration;
			buildSettings = {
				ASSETCATALOG_COMPILER_APPICON_NAME = AppIcon;
				ASSETCATALOG_COMPILER_GLOBAL_ACCENT_COLOR_NAME = AccentColor;
				CODE_SIGN_STYLE = Automatic;
				CURRENT_PROJECT_VERSION = 1;
				DEVELOPMENT_ASSET_PATHS = "\"FrostyScoopv2/Preview Content\"";
				DEVELOPMENT_TEAM = ZA8ASJR32G;
				ENABLE_PREVIEWS = YES;
				GENERATE_INFOPLIST_FILE = YES;
				INFOPLIST_KEY_UIApplicationSceneManifest_Generation = YES;
				INFOPLIST_KEY_UIApplicationSupportsIndirectInputEvents = YES;
				INFOPLIST_KEY_UILaunchScreen_Generation = YES;
				INFOPLIST_KEY_UISupportedInterfaceOrientations_iPad = "UIInterfaceOrientationPortrait UIInterfaceOrientationPortraitUpsideDown UIInterfaceOrientationLandscapeLeft UIInterfaceOrientationLandscapeRight";
				INFOPLIST_KEY_UISupportedInterfaceOrientations_iPhone = "UIInterfaceOrientationPortrait UIInterfaceOrientationLandscapeLeft UIInterfaceOrientationLandscapeRight";
				LD_RUNPATH_SEARCH_PATHS = (
					"$(inherited)",
					"@executable_path/Frameworks",
				);
				MARKETING_VERSION = 1.0;
				PRODUCT_BUNDLE_IDENTIFIER = davu.FrostyScoopv2;
				PRODUCT_NAME = "$(TARGET_NAME)";
				SWIFT_EMIT_LOC_STRINGS = YES;
				SWIFT_VERSION = 5.0;
				TARGETED_DEVICE_FAMILY = "1,2";
			};
			name = Release;
		};
/* End XCBuildConfiguration section */

/* Begin XCConfigurationList section */
		934DEFA729FB3886007C433F /* Build configuration list for PBXProject "FrostyScoopv2" */ = {
			isa = XCConfigurationList;
			buildConfigurations = (
				934DEFB829FB3887007C433F /* Debug */,
				934DEFB929FB3887007C433F /* Release */,
			);
			defaultConfigurationIsVisible = 0;
			defaultConfigurationName = Release;
		};
		934DEFBA29FB3887007C433F /* Build configuration list for PBXNativeTarget "FrostyScoopv2" */ = {
			isa = XCConfigurationList;
			buildConfigurations = (
				934DEFBB29FB3887007C433F /* Debug */,
				934DEFBC29FB3887007C433F /* Release */,
			);
			defaultConfigurationIsVisible = 0;
			defaultConfigurationName = Release;
		};
/* End XCConfigurationList section */
	};
	rootObject = 934DEFA429FB3886007C433F /* Project object */;
}
